
Microsoft Visual Studio Solution File, Format Version 12.00
# Visual Studio 14
VisualStudioVersion = 14.0.25123.0
MinimumVisualStudioVersion = 10.0.40219.1
Project("{FAE04EC0-301F-11D3-BF4B-00C04F79EFBC}") = "GolfSlayer", "GolfSlayer\GolfSlayer.csproj", "{9F67D0C9-D9DE-49EA-8750-0120DC5B8070}"
	ProjectSection(ProjectDependencies) = postProject
		{EA5D4F37-FB1F-4AC4-85F9-D317C83C03E8} = {EA5D4F37-FB1F-4AC4-85F9-D317C83C03E8}
	EndProjectSection
EndProject
Project("{FAE04EC0-301F-11D3-BF4B-00C04F79EFBC}") = "Repositories", "Repositories\Repositories.csproj", "{EA5D4F37-FB1F-4AC4-85F9-D317C83C03E8}"
EndProject
Global
	GlobalSection(SolutionConfigurationPlatforms) = preSolution
		Debug|Any CPU = Debug|Any CPU
		Release|Any CPU = Release|Any CPU
	EndGlobalSection
	GlobalSection(ProjectConfigurationPlatforms) = postSolution
		{9F67D0C9-D9DE-49EA-8750-0120DC5B8070}.Debug|Any CPU.ActiveCfg = Debug|Any CPU
		{9F67D0C9-D9DE-49EA-8750-0120DC5B8070}.Debug|Any CPU.Build.0 = Debug|Any CPU
		{9F67D0C9-D9DE-49EA-8750-0120DC5B8070}.Release|Any CPU.ActiveCfg = Release|Any CPU
		{9F67D0C9-D9DE-49EA-8750-0120DC5B8070}.Release|Any CPU.Build.0 = Release|Any CPU
		{EA5D4F37-FB1F-4AC4-85F9-D317C83C03E8}.Debug|Any CPU.ActiveCfg = Debug|Any CPU
		{EA5D4F37-FB1F-4AC4-85F9-D317C83C03E8}.Debug|Any CPU.Build.0 = Debug|Any CPU
		{EA5D4F37-FB1F-4AC4-85F9-D317C83C03E8}.Release|Any CPU.ActiveCfg = Release|Any CPU
		{EA5D4F37-FB1F-4AC4-85F9-D317C83C03E8}.Release|Any CPU.Build.0 = Release|Any CPU
	EndGlobalSection
	GlobalSection(SolutionProperties) = preSolution
		HideSolutionNode = FALSE
	EndGlobalSection
EndGlobal
